
Microsoft Visual Studio Solution File, Format Version 12.00
# Visual Studio Version 16
VisualStudioVersion = 16.0.31402.337
MinimumVisualStudioVersion = 10.0.40219.1
Project("{8BC9CEB8-8B4A-11D0-8D11-00A0C91BC942}") = "RE054", "RE054\RE054.vcxproj", "{0470BD31-22CC-4881-A0B2-B65CB542D06E}"
EndProject
Global
	GlobalSection(SolutionConfigurationPlatforms) = preSolution
		Debug|x64 = Debug|x64
		Debug|x86 = Debug|x86
		Release|x64 = Release|x64
		Release|x86 = Release|x86
	EndGlobalSection
	GlobalSection(ProjectConfigurationPlatforms) = postSolution
		{0470BD31-22CC-4881-A0B2-B65CB542D06E}.Debug|x64.ActiveCfg = Debug|x64
		{0470BD31-22CC-4881-A0B2-B65CB542D06E}.Debug|x64.Build.0 = Debug|x64
		{0470BD31-22CC-4881-A0B2-B65CB542D06E}.Debug|x86.ActiveCfg = Debug|Win32
		{0470BD31-22CC-4881-A0B2-B65CB542D06E}.Debug|x86.Build.0 = Debug|Win32
		{0470BD31-22CC-4881-A0B2-B65CB542D06E}.Release|x64.ActiveCfg = Release|x64
		{0470BD31-22CC-4881-A0B2-B65CB542D06E}.Release|x64.Build.0 = Release|x64
		{0470BD31-22CC-4881-A0B2-B65CB542D06E}.Release|x86.ActiveCfg = Release|Win32
		{0470BD31-22CC-4881-A0B2-B65CB542D06E}.Release|x86.Build.0 = Release|Win32
	EndGlobalSection
	GlobalSection(SolutionProperties) = preSolution
		HideSolutionNode = FALSE
	EndGlobalSection
	GlobalSection(ExtensibilityGlobals) = postSolution
		SolutionGuid = {2E531E7A-CFF9-40E7-9347-ACEDE831B0D2}
	EndGlobalSection
EndGlobal
