
Microsoft Visual Studio Solution File, Format Version 12.00
# Visual Studio Version 16
VisualStudioVersion = 16.0.31402.337
MinimumVisualStudioVersion = 10.0.40219.1
Project("{8BC9CEB8-8B4A-11D0-8D11-00A0C91BC942}") = "RE032", "RE032\RE032.vcxproj", "{B01288BA-E521-4E96-8CFD-BCEEF2211D66}"
EndProject
Global
	GlobalSection(SolutionConfigurationPlatforms) = preSolution
		Debug|x64 = Debug|x64
		Debug|x86 = Debug|x86
		Release|x64 = Release|x64
		Release|x86 = Release|x86
	EndGlobalSection
	GlobalSection(ProjectConfigurationPlatforms) = postSolution
		{B01288BA-E521-4E96-8CFD-BCEEF2211D66}.Debug|x64.ActiveCfg = Debug|x64
		{B01288BA-E521-4E96-8CFD-BCEEF2211D66}.Debug|x64.Build.0 = Debug|x64
		{B01288BA-E521-4E96-8CFD-BCEEF2211D66}.Debug|x86.ActiveCfg = Debug|Win32
		{B01288BA-E521-4E96-8CFD-BCEEF2211D66}.Debug|x86.Build.0 = Debug|Win32
		{B01288BA-E521-4E96-8CFD-BCEEF2211D66}.Release|x64.ActiveCfg = Release|x64
		{B01288BA-E521-4E96-8CFD-BCEEF2211D66}.Release|x64.Build.0 = Release|x64
		{B01288BA-E521-4E96-8CFD-BCEEF2211D66}.Release|x86.ActiveCfg = Release|Win32
		{B01288BA-E521-4E96-8CFD-BCEEF2211D66}.Release|x86.Build.0 = Release|Win32
	EndGlobalSection
	GlobalSection(SolutionProperties) = preSolution
		HideSolutionNode = FALSE
	EndGlobalSection
	GlobalSection(ExtensibilityGlobals) = postSolution
		SolutionGuid = {F3CEFCC9-8CF9-41CE-A007-8E764C43AA4E}
	EndGlobalSection
EndGlobal
