
Microsoft Visual Studio Solution File, Format Version 12.00
# Visual Studio Version 16
VisualStudioVersion = 16.0.31402.337
MinimumVisualStudioVersion = 10.0.40219.1
Project("{8BC9CEB8-8B4A-11D0-8D11-00A0C91BC942}") = "RE060", "RE060\RE060.vcxproj", "{09C65A4D-3C77-4E9C-A856-4135155E417F}"
EndProject
Global
	GlobalSection(SolutionConfigurationPlatforms) = preSolution
		Debug|x64 = Debug|x64
		Debug|x86 = Debug|x86
		Release|x64 = Release|x64
		Release|x86 = Release|x86
	EndGlobalSection
	GlobalSection(ProjectConfigurationPlatforms) = postSolution
		{09C65A4D-3C77-4E9C-A856-4135155E417F}.Debug|x64.ActiveCfg = Debug|x64
		{09C65A4D-3C77-4E9C-A856-4135155E417F}.Debug|x64.Build.0 = Debug|x64
		{09C65A4D-3C77-4E9C-A856-4135155E417F}.Debug|x86.ActiveCfg = Debug|Win32
		{09C65A4D-3C77-4E9C-A856-4135155E417F}.Debug|x86.Build.0 = Debug|Win32
		{09C65A4D-3C77-4E9C-A856-4135155E417F}.Release|x64.ActiveCfg = Release|x64
		{09C65A4D-3C77-4E9C-A856-4135155E417F}.Release|x64.Build.0 = Release|x64
		{09C65A4D-3C77-4E9C-A856-4135155E417F}.Release|x86.ActiveCfg = Release|Win32
		{09C65A4D-3C77-4E9C-A856-4135155E417F}.Release|x86.Build.0 = Release|Win32
	EndGlobalSection
	GlobalSection(SolutionProperties) = preSolution
		HideSolutionNode = FALSE
	EndGlobalSection
	GlobalSection(ExtensibilityGlobals) = postSolution
		SolutionGuid = {1E0449C1-E660-4C30-A47D-6C05FC7E266F}
	EndGlobalSection
EndGlobal
