
Microsoft Visual Studio Solution File, Format Version 12.00
# Visual Studio Version 16
VisualStudioVersion = 16.0.31402.337
MinimumVisualStudioVersion = 10.0.40219.1
Project("{8BC9CEB8-8B4A-11D0-8D11-00A0C91BC942}") = "RE046", "RE046\RE046.vcxproj", "{A7175D4C-CC23-4C82-BACE-32D22E40B18D}"
EndProject
Global
	GlobalSection(SolutionConfigurationPlatforms) = preSolution
		Debug|x64 = Debug|x64
		Debug|x86 = Debug|x86
		Release|x64 = Release|x64
		Release|x86 = Release|x86
	EndGlobalSection
	GlobalSection(ProjectConfigurationPlatforms) = postSolution
		{A7175D4C-CC23-4C82-BACE-32D22E40B18D}.Debug|x64.ActiveCfg = Debug|x64
		{A7175D4C-CC23-4C82-BACE-32D22E40B18D}.Debug|x64.Build.0 = Debug|x64
		{A7175D4C-CC23-4C82-BACE-32D22E40B18D}.Debug|x86.ActiveCfg = Debug|Win32
		{A7175D4C-CC23-4C82-BACE-32D22E40B18D}.Debug|x86.Build.0 = Debug|Win32
		{A7175D4C-CC23-4C82-BACE-32D22E40B18D}.Release|x64.ActiveCfg = Release|x64
		{A7175D4C-CC23-4C82-BACE-32D22E40B18D}.Release|x64.Build.0 = Release|x64
		{A7175D4C-CC23-4C82-BACE-32D22E40B18D}.Release|x86.ActiveCfg = Release|Win32
		{A7175D4C-CC23-4C82-BACE-32D22E40B18D}.Release|x86.Build.0 = Release|Win32
	EndGlobalSection
	GlobalSection(SolutionProperties) = preSolution
		HideSolutionNode = FALSE
	EndGlobalSection
	GlobalSection(ExtensibilityGlobals) = postSolution
		SolutionGuid = {5C94DA15-103C-44D5-BCB8-CE3BC8CD2C09}
	EndGlobalSection
EndGlobal
